
Microsoft Visual Studio Solution File, Format Version 12.00
# Visual Studio Version 16
VisualStudioVersion = 16.0.29911.84
MinimumVisualStudioVersion = 10.0.40219.1
Project("{9A19103F-16F7-4668-BE54-9A1E7A4F7556}") = "InMemoryApp.Web", "InMemoryApp.Web\InMemoryApp.Web.csproj", "{DC0F2AF8-0929-4A7E-8DD4-12D9E741A83D}"
EndProject
Project("{FAE04EC0-301F-11D3-BF4B-00C04F79EFBC}") = "IDistributedCacheRedisApp.Web", "IDistributedCacheRedisApp.Web\IDistributedCacheRedisApp.Web.csproj", "{B9A89084-AA70-4B79-AA4D-D35051B03E63}"
EndProject
Global
	GlobalSection(SolutionConfigurationPlatforms) = preSolution
		Debug|Any CPU = Debug|Any CPU
		Release|Any CPU = Release|Any CPU
	EndGlobalSection
	GlobalSection(ProjectConfigurationPlatforms) = postSolution
		{DC0F2AF8-0929-4A7E-8DD4-12D9E741A83D}.Debug|Any CPU.ActiveCfg = Debug|Any CPU
		{DC0F2AF8-0929-4A7E-8DD4-12D9E741A83D}.Debug|Any CPU.Build.0 = Debug|Any CPU
		{DC0F2AF8-0929-4A7E-8DD4-12D9E741A83D}.Release|Any CPU.ActiveCfg = Release|Any CPU
		{DC0F2AF8-0929-4A7E-8DD4-12D9E741A83D}.Release|Any CPU.Build.0 = Release|Any CPU
		{B9A89084-AA70-4B79-AA4D-D35051B03E63}.Debug|Any CPU.ActiveCfg = Debug|Any CPU
		{B9A89084-AA70-4B79-AA4D-D35051B03E63}.Debug|Any CPU.Build.0 = Debug|Any CPU
		{B9A89084-AA70-4B79-AA4D-D35051B03E63}.Release|Any CPU.ActiveCfg = Release|Any CPU
		{B9A89084-AA70-4B79-AA4D-D35051B03E63}.Release|Any CPU.Build.0 = Release|Any CPU
	EndGlobalSection
	GlobalSection(SolutionProperties) = preSolution
		HideSolutionNode = FALSE
	EndGlobalSection
	GlobalSection(ExtensibilityGlobals) = postSolution
		SolutionGuid = {3D1820D0-EC0C-4424-892E-B7FE68242F47}
	EndGlobalSection
EndGlobal
